
Microsoft Visual Studio Solution File, Format Version 12.00
# Visual Studio Version 16
VisualStudioVersion = 16.0.31321.278
MinimumVisualStudioVersion = 10.0.40219.1
Project("{FAE04EC0-301F-11D3-BF4B-00C04F79EFBC}") = "TwilioSMSConsoleApp", "TwilioSMSConsoleApp\TwilioSMSConsoleApp.csproj", "{B8A36355-A645-4E52-BE2B-9442E6D7BF80}"
EndProject
Global
	GlobalSection(SolutionConfigurationPlatforms) = preSolution
		Debug|Any CPU = Debug|Any CPU
		Release|Any CPU = Release|Any CPU
	EndGlobalSection
	GlobalSection(ProjectConfigurationPlatforms) = postSolution
		{B8A36355-A645-4E52-BE2B-9442E6D7BF80}.Debug|Any CPU.ActiveCfg = Debug|Any CPU
		{B8A36355-A645-4E52-BE2B-9442E6D7BF80}.Debug|Any CPU.Build.0 = Debug|Any CPU
		{B8A36355-A645-4E52-BE2B-9442E6D7BF80}.Release|Any CPU.ActiveCfg = Release|Any CPU
		{B8A36355-A645-4E52-BE2B-9442E6D7BF80}.Release|Any CPU.Build.0 = Release|Any CPU
	EndGlobalSection
	GlobalSection(SolutionProperties) = preSolution
		HideSolutionNode = FALSE
	EndGlobalSection
	GlobalSection(ExtensibilityGlobals) = postSolution
		SolutionGuid = {06AF8000-B5E0-4DBC-BE3F-49DF95687C32}
	EndGlobalSection
EndGlobal
